// !$*UTF8*$!
{
	archiveVersion = 1;
	classes = {
	};
	objectVersion = 48;
	objects = {

/* Begin PBXBuildFile section */
		6CC71E31C589EDCCA953B8C3 /* libPods-WilddogMock.a in Frameworks */ = {isa = PBXBuildFile; fileRef = 028267AB710D0E5EB8ECF8E3 /* libPods-WilddogMock.a */; };
		806C56B2F8A5A56FAEFA2F76 /* WDGMock.m in Sources */ = {isa = PBXBuildFile; fileRef = 806C551D54525B357C9735C7 /* WDGMock.m */; };
		806C5AE8199B2255928F5123 /* WilddogMock.h in Headers */ = {isa = PBXBuildFile; fileRef = 806C59D64146EE0A10D78762 /* WilddogMock.h */; settings = {ATTRIBUTES = (Public, ); }; };
		806C5B87E12A5FBFF390F73C /* WDGMock.h in Headers */ = {isa = PBXBuildFile; fileRef = 806C5DF86B0A2BC2B99B6FD2 /* WDGMock.h */; };
		806C5BCD6271FDA1B45294D2 /* WilddogMockVersion.h in Headers */ = {isa = PBXBuildFile; fileRef = 806C57D2142B3CCFBB7CEB94 /* WilddogMockVersion.h */; };
/* End PBXBuildFile section */

/* Begin PBXFileReference section */
		028267AB710D0E5EB8ECF8E3 /* libPods-WilddogMock.a */ = {isa = PBXFileReference; explicitFileType = archive.ar; includeInIndex = 0; path = "libPods-WilddogMock.a"; sourceTree = BUILT_PRODUCTS_DIR; };
		276010C1A2A0B4396B488707 /* Pods-WilddogMock.debug.xcconfig */ = {isa = PBXFileReference; includeInIndex = 1; lastKnownFileType = text.xcconfig; name = "Pods-WilddogMock.debug.xcconfig"; path = "Pods/Target Support Files/Pods-WilddogMock/Pods-WilddogMock.debug.xcconfig"; sourceTree = "<group>"; };
		806C551D54525B357C9735C7 /* WDGMock.m */ = {isa = PBXFileReference; fileEncoding = 4; lastKnownFileType = sourcecode.c.objc; path = WDGMock.m; sourceTree = "<group>"; };
		806C57D2142B3CCFBB7CEB94 /* WilddogMockVersion.h */ = {isa = PBXFileReference; fileEncoding = 4; lastKnownFileType = sourcecode.c.h; path = WilddogMockVersion.h; sourceTree = "<group>"; };
		806C59D64146EE0A10D78762 /* WilddogMock.h */ = {isa = PBXFileReference; fileEncoding = 4; lastKnownFileType = sourcecode.c.h; path = WilddogMock.h; sourceTree = "<group>"; };
		806C5DF86B0A2BC2B99B6FD2 /* WDGMock.h */ = {isa = PBXFileReference; fileEncoding = 4; lastKnownFileType = sourcecode.c.h; path = WDGMock.h; sourceTree = "<group>"; };
		BCA93E391FB4891700FC5921 /* WilddogMock.framework */ = {isa = PBXFileReference; explicitFileType = wrapper.framework; includeInIndex = 0; path = WilddogMock.framework; sourceTree = BUILT_PRODUCTS_DIR; };
		BCA93E3D1FB4891700FC5921 /* Info.plist */ = {isa = PBXFileReference; lastKnownFileType = text.plist.xml; path = Info.plist; sourceTree = "<group>"; };
		FEF80DA02023C202ACE5E6E3 /* Pods-WilddogMock.release.xcconfig */ = {isa = PBXFileReference; includeInIndex = 1; lastKnownFileType = text.xcconfig; name = "Pods-WilddogMock.release.xcconfig"; path = "Pods/Target Support Files/Pods-WilddogMock/Pods-WilddogMock.release.xcconfig"; sourceTree = "<group>"; };
/* End PBXFileReference section */

/* Begin PBXFrameworksBuildPhase section */
		BCA93E351FB4891700FC5921 /* Frameworks */ = {
			isa = PBXFrameworksBuildPhase;
			buildActionMask = 2147483647;
			files = (
				6CC71E31C589EDCCA953B8C3 /* libPods-WilddogMock.a in Frameworks */,
			);
			runOnlyForDeploymentPostprocessing = 0;
		};
/* End PBXFrameworksBuildPhase section */

/* Begin PBXGroup section */
		32E3B7D61F59E77911A77EF5 /* Frameworks */ = {
			isa = PBXGroup;
			children = (
				028267AB710D0E5EB8ECF8E3 /* libPods-WilddogMock.a */,
			);
			name = Frameworks;
			sourceTree = "<group>";
		};
		470958EA0D563E48D6B4B9E1 /* Pods */ = {
			isa = PBXGroup;
			children = (
				276010C1A2A0B4396B488707 /* Pods-WilddogMock.debug.xcconfig */,
				FEF80DA02023C202ACE5E6E3 /* Pods-WilddogMock.release.xcconfig */,
			);
			name = Pods;
			sourceTree = "<group>";
		};
		806C5C2735AB58021E6BB278 /* Api */ = {
			isa = PBXGroup;
			children = (
				806C551D54525B357C9735C7 /* WDGMock.m */,
				806C5DF86B0A2BC2B99B6FD2 /* WDGMock.h */,
				806C59D64146EE0A10D78762 /* WilddogMock.h */,
			);
			path = Api;
			sourceTree = "<group>";
		};
		BCA93E2F1FB4891700FC5921 = {
			isa = PBXGroup;
			children = (
				BCA93E3B1FB4891700FC5921 /* WilddogMock */,
				BCA93E3A1FB4891700FC5921 /* Products */,
				470958EA0D563E48D6B4B9E1 /* Pods */,
				32E3B7D61F59E77911A77EF5 /* Frameworks */,
			);
			sourceTree = "<group>";
		};
		BCA93E3A1FB4891700FC5921 /* Products */ = {
			isa = PBXGroup;
			children = (
				BCA93E391FB4891700FC5921 /* WilddogMock.framework */,
			);
			name = Products;
			sourceTree = "<group>";
		};
		BCA93E3B1FB4891700FC5921 /* WilddogMock */ = {
			isa = PBXGroup;
			children = (
				BCA93E3D1FB4891700FC5921 /* Info.plist */,
				806C5C2735AB58021E6BB278 /* Api */,
				806C57D2142B3CCFBB7CEB94 /* WilddogMockVersion.h */,
			);
			path = WilddogMock;
			sourceTree = "<group>";
		};
/* End PBXGroup section */

/* Begin PBXHeadersBuildPhase section */
		BCA93E361FB4891700FC5921 /* Headers */ = {
			isa = PBXHeadersBuildPhase;
			buildActionMask = 2147483647;
			files = (
				806C5B87E12A5FBFF390F73C /* WDGMock.h in Headers */,
				806C5AE8199B2255928F5123 /* WilddogMock.h in Headers */,
				806C5BCD6271FDA1B45294D2 /* WilddogMockVersion.h in Headers */,
			);
			runOnlyForDeploymentPostprocessing = 0;
		};
/* End PBXHeadersBuildPhase section */

/* Begin PBXNativeTarget section */
		BCA93E381FB4891700FC5921 /* WilddogMock */ = {
			isa = PBXNativeTarget;
			buildConfigurationList = BCA93E411FB4891700FC5921 /* Build configuration list for PBXNativeTarget "WilddogMock" */;
			buildPhases = (
				D52910740719C615D418A4E3 /* [CP] Check Pods Manifest.lock */,
				BCA93E341FB4891700FC5921 /* Sources */,
				BCA93E351FB4891700FC5921 /* Frameworks */,
				BCA93E361FB4891700FC5921 /* Headers */,
				BCA93E371FB4891700FC5921 /* Resources */,
				14AED736450AC1B5E7286E18 /* [CP] Copy Pods Resources */,
			);
			buildRules = (
			);
			dependencies = (
			);
			name = WilddogMock;
			productName = WilddogMock;
			productReference = BCA93E391FB4891700FC5921 /* WilddogMock.framework */;
			productType = "com.apple.product-type.framework";
		};
/* End PBXNativeTarget section */

/* Begin PBXProject section */
		BCA93E301FB4891700FC5921 /* Project object */ = {
			isa = PBXProject;
			attributes = {
				LastUpgradeCheck = 0900;
				ORGANIZATIONNAME = Wilddog;
				TargetAttributes = {
					BCA93E381FB4891700FC5921 = {
						CreatedOnToolsVersion = 9.0;
						ProvisioningStyle = Automatic;
					};
				};
			};
			buildConfigurationList = BCA93E331FB4891700FC5921 /* Build configuration list for PBXProject "WilddogMock" */;
			compatibilityVersion = "Xcode 8.0";
			developmentRegion = en;
			hasScannedForEncodings = 0;
			knownRegions = (
				en,
			);
			mainGroup = BCA93E2F1FB4891700FC5921;
			productRefGroup = BCA93E3A1FB4891700FC5921 /* Products */;
			projectDirPath = "";
			projectRoot = "";
			targets = (
				BCA93E381FB4891700FC5921 /* WilddogMock */,
			);
		};
/* End PBXProject section */

/* Begin PBXResourcesBuildPhase section */
		BCA93E371FB4891700FC5921 /* Resources */ = {
			isa = PBXResourcesBuildPhase;
			buildActionMask = 2147483647;
			files = (
			);
			runOnlyForDeploymentPostprocessing = 0;
		};
/* End PBXResourcesBuildPhase section */

/* Begin PBXShellScriptBuildPhase section */
		14AED736450AC1B5E7286E18 /* [CP] Copy Pods Resources */ = {
			isa = PBXShellScriptBuildPhase;
			buildActionMask = 2147483647;
			files = (
			);
			inputPaths = (
			);
			name = "[CP] Copy Pods Resources";
			outputPaths = (
			);
			runOnlyForDeploymentPostprocessing = 0;
			shellPath = /bin/sh;
			shellScript = "\"${SRCROOT}/Pods/Target Support Files/Pods-WilddogMock/Pods-WilddogMock-resources.sh\"\n";
			showEnvVarsInLog = 0;
		};
		D52910740719C615D418A4E3 /* [CP] Check Pods Manifest.lock */ = {
			isa = PBXShellScriptBuildPhase;
			buildActionMask = 2147483647;
			files = (
			);
			inputPaths = (
				"${PODS_PODFILE_DIR_PATH}/Podfile.lock",
				"${PODS_ROOT}/Manifest.lock",
			);
			name = "[CP] Check Pods Manifest.lock";
			outputPaths = (
				"$(DERIVED_FILE_DIR)/Pods-WilddogMock-checkManifestLockResult.txt",
			);
			runOnlyForDeploymentPostprocessing = 0;
			shellPath = /bin/sh;
			shellScript = "diff \"${PODS_PODFILE_DIR_PATH}/Podfile.lock\" \"${PODS_ROOT}/Manifest.lock\" > /dev/null\nif [ $? != 0 ] ; then\n    # print error to STDERR\n    echo \"error: The sandbox is not in sync with the Podfile.lock. Run 'pod install' or update your CocoaPods installation.\" >&2\n    exit 1\nfi\n# This output is used by Xcode 'outputs' to avoid re-running this script phase.\necho \"SUCCESS\" > \"${SCRIPT_OUTPUT_FILE_0}\"\n";
			showEnvVarsInLog = 0;
		};
/* End PBXShellScriptBuildPhase section */

/* Begin PBXSourcesBuildPhase section */
		BCA93E341FB4891700FC5921 /* Sources */ = {
			isa = PBXSourcesBuildPhase;
			buildActionMask = 2147483647;
			files = (
				806C56B2F8A5A56FAEFA2F76 /* WDGMock.m in Sources */,
			);
			runOnlyForDeploymentPostprocessing = 0;
		};
/* End PBXSourcesBuildPhase section */

/* Begin XCBuildConfiguration section */
		BCA93E3F1FB4891700FC5921 /* Debug */ = {
			isa = XCBuildConfiguration;
			buildSettings = {
				ALWAYS_SEARCH_USER_PATHS = NO;
				CLANG_ANALYZER_NONNULL = YES;
				CLANG_ANALYZER_NUMBER_OBJECT_CONVERSION = YES_AGGRESSIVE;
				CLANG_CXX_LANGUAGE_STANDARD = "gnu++14";
				CLANG_CXX_LIBRARY = "libc++";
				CLANG_ENABLE_MODULES = YES;
				CLANG_ENABLE_OBJC_ARC = YES;
				CLANG_WARN_BLOCK_CAPTURE_AUTORELEASING = YES;
				CLANG_WARN_BOOL_CONVERSION = YES;
				CLANG_WARN_COMMA = YES;
				CLANG_WARN_CONSTANT_CONVERSION = YES;
				CLANG_WARN_DIRECT_OBJC_ISA_USAGE = YES_ERROR;
				CLANG_WARN_DOCUMENTATION_COMMENTS = YES;
				CLANG_WARN_EMPTY_BODY = YES;
				CLANG_WARN_ENUM_CONVERSION = YES;
				CLANG_WARN_INFINITE_RECURSION = YES;
				CLANG_WARN_INT_CONVERSION = YES;
				CLANG_WARN_NON_LITERAL_NULL_CONVERSION = YES;
				CLANG_WARN_OBJC_LITERAL_CONVERSION = YES;
				CLANG_WARN_OBJC_ROOT_CLASS = YES_ERROR;
				CLANG_WARN_RANGE_LOOP_ANALYSIS = YES;
				CLANG_WARN_STRICT_PROTOTYPES = YES;
				CLANG_WARN_SUSPICIOUS_MOVE = YES;
				CLANG_WARN_UNGUARDED_AVAILABILITY = YES_AGGRESSIVE;
				CLANG_WARN_UNREACHABLE_CODE = YES;
				CLANG_WARN__DUPLICATE_METHOD_MATCH = YES;
				CODE_SIGN_IDENTITY = "iPhone Developer";
				COPY_PHASE_STRIP = NO;
				CURRENT_PROJECT_VERSION = 1;
				DEBUG_INFORMATION_FORMAT = dwarf;
				ENABLE_STRICT_OBJC_MSGSEND = YES;
				ENABLE_TESTABILITY = YES;
				GCC_C_LANGUAGE_STANDARD = gnu11;
				GCC_DYNAMIC_NO_PIC = NO;
				GCC_NO_COMMON_BLOCKS = YES;
				GCC_OPTIMIZATION_LEVEL = 0;
				GCC_PREPROCESSOR_DEFINITIONS = (
					"DEBUG=1",
					"$(inherited)",
				);
				GCC_WARN_64_TO_32_BIT_CONVERSION = YES;
				GCC_WARN_ABOUT_RETURN_TYPE = YES_ERROR;
				GCC_WARN_UNDECLARED_SELECTOR = YES;
				GCC_WARN_UNINITIALIZED_AUTOS = YES_AGGRESSIVE;
				GCC_WARN_UNUSED_FUNCTION = YES;
				GCC_WARN_UNUSED_VARIABLE = YES;
				IPHONEOS_DEPLOYMENT_TARGET = 11.0;
				MTL_ENABLE_DEBUG_INFO = YES;
				ONLY_ACTIVE_ARCH = YES;
				SDKROOT = iphoneos;
				VERSIONING_SYSTEM = "apple-generic";
				VERSION_INFO_PREFIX = "";
			};
			name = Debug;
		};
		BCA93E401FB4891700FC5921 /* Release */ = {
			isa = XCBuildConfiguration;
			buildSettings = {
				ALWAYS_SEARCH_USER_PATHS = NO;
				CLANG_ANALYZER_NONNULL = YES;
				CLANG_ANALYZER_NUMBER_OBJECT_CONVERSION = YES_AGGRESSIVE;
				CLANG_CXX_LANGUAGE_STANDARD = "gnu++14";
				CLANG_CXX_LIBRARY = "libc++";
				CLANG_ENABLE_MODULES = YES;
				CLANG_ENABLE_OBJC_ARC = YES;
				CLANG_WARN_BLOCK_CAPTURE_AUTORELEASING = YES;
				CLANG_WARN_BOOL_CONVERSION = YES;
				CLANG_WARN_COMMA = YES;
				CLANG_WARN_CONSTANT_CONVERSION = YES;
				CLANG_WARN_DIRECT_OBJC_ISA_USAGE = YES_ERROR;
				CLANG_WARN_DOCUMENTATION_COMMENTS = YES;
				CLANG_WARN_EMPTY_BODY = YES;
				CLANG_WARN_ENUM_CONVERSION = YES;
				CLANG_WARN_INFINITE_RECURSION = YES;
				CLANG_WARN_INT_CONVERSION = YES;
				CLANG_WARN_NON_LITERAL_NULL_CONVERSION = YES;
				CLANG_WARN_OBJC_LITERAL_CONVERSION = YES;
				CLANG_WARN_OBJC_ROOT_CLASS = YES_ERROR;
				CLANG_WARN_RANGE_LOOP_ANALYSIS = YES;
				CLANG_WARN_STRICT_PROTOTYPES = YES;
				CLANG_WARN_SUSPICIOUS_MOVE = YES;
				CLANG_WARN_UNGUARDED_AVAILABILITY = YES_AGGRESSIVE;
				CLANG_WARN_UNREACHABLE_CODE = YES;
				CLANG_WARN__DUPLICATE_METHOD_MATCH = YES;
				CODE_SIGN_IDENTITY = "iPhone Developer";
				COPY_PHASE_STRIP = NO;
				CURRENT_PROJECT_VERSION = 1;
				DEBUG_INFORMATION_FORMAT = "dwarf-with-dsym";
				ENABLE_NS_ASSERTIONS = NO;
				ENABLE_STRICT_OBJC_MSGSEND = YES;
				GCC_C_LANGUAGE_STANDARD = gnu11;
				GCC_NO_COMMON_BLOCKS = YES;
				GCC_WARN_64_TO_32_BIT_CONVERSION = YES;
				GCC_WARN_ABOUT_RETURN_TYPE = YES_ERROR;
				GCC_WARN_UNDECLARED_SELECTOR = YES;
				GCC_WARN_UNINITIALIZED_AUTOS = YES_AGGRESSIVE;
				GCC_WARN_UNUSED_FUNCTION = YES;
				GCC_WARN_UNUSED_VARIABLE = YES;
				IPHONEOS_DEPLOYMENT_TARGET = 11.0;
				MTL_ENABLE_DEBUG_INFO = NO;
				SDKROOT = iphoneos;
				VALIDATE_PRODUCT = YES;
				VERSIONING_SYSTEM = "apple-generic";
				VERSION_INFO_PREFIX = "";
			};
			name = Release;
		};
		BCA93E421FB4891700FC5921 /* Debug */ = {
			isa = XCBuildConfiguration;
			baseConfigurationReference = 276010C1A2A0B4396B488707 /* Pods-WilddogMock.debug.xcconfig */;
			buildSettings = {
				CODE_SIGN_IDENTITY = "";
				CODE_SIGN_STYLE = Automatic;
				DEFINES_MODULE = YES;
				DEVELOPMENT_TEAM = 5RERN32D73;
				DYLIB_COMPATIBILITY_VERSION = 1;
				DYLIB_CURRENT_VERSION = 1;
				DYLIB_INSTALL_NAME_BASE = "@rpath";
				INFOPLIST_FILE = WilddogMock/Info.plist;
				INSTALL_PATH = "$(LOCAL_LIBRARY_DIR)/Frameworks";
				LD_RUNPATH_SEARCH_PATHS = "$(inherited) @executable_path/Frameworks @loader_path/Frameworks";
				PRODUCT_BUNDLE_IDENTIFIER = com.wilddog.www.WilddogMock;
				PRODUCT_NAME = "$(TARGET_NAME:c99extidentifier)";
				SKIP_INSTALL = YES;
				TARGETED_DEVICE_FAMILY = "1,2";
			};
			name = Debug;
		};
		BCA93E431FB4891700FC5921 /* Release */ = {
			isa = XCBuildConfiguration;
			baseConfigurationReference = FEF80DA02023C202ACE5E6E3 /* Pods-WilddogMock.release.xcconfig */;
			buildSettings = {
				CODE_SIGN_IDENTITY = "";
				CODE_SIGN_STYLE = Automatic;
				DEFINES_MODULE = YES;
				DEVELOPMENT_TEAM = 5RERN32D73;
				DYLIB_COMPATIBILITY_VERSION = 1;
				DYLIB_CURRENT_VERSION = 1;
				DYLIB_INSTALL_NAME_BASE = "@rpath";
				INFOPLIST_FILE = WilddogMock/Info.plist;
				INSTALL_PATH = "$(LOCAL_LIBRARY_DIR)/Frameworks";
				LD_RUNPATH_SEARCH_PATHS = "$(inherited) @executable_path/Frameworks @loader_path/Frameworks";
				PRODUCT_BUNDLE_IDENTIFIER = com.wilddog.www.WilddogMock;
				PRODUCT_NAME = "$(TARGET_NAME:c99extidentifier)";
				SKIP_INSTALL = YES;
				TARGETED_DEVICE_FAMILY = "1,2";
			};
			name = Release;
		};
/* End XCBuildConfiguration section */

/* Begin XCConfigurationList section */
		BCA93E331FB4891700FC5921 /* Build configuration list for PBXProject "WilddogMock" */ = {
			isa = XCConfigurationList;
			buildConfigurations = (
				BCA93E3F1FB4891700FC5921 /* Debug */,
				BCA93E401FB4891700FC5921 /* Release */,
			);
			defaultConfigurationIsVisible = 0;
			defaultConfigurationName = Release;
		};
		BCA93E411FB4891700FC5921 /* Build configuration list for PBXNativeTarget "WilddogMock" */ = {
			isa = XCConfigurationList;
			buildConfigurations = (
				BCA93E421FB4891700FC5921 /* Debug */,
				BCA93E431FB4891700FC5921 /* Release */,
			);
			defaultConfigurationIsVisible = 0;
			defaultConfigurationName = Release;
		};
/* End XCConfigurationList section */
	};
	rootObject = BCA93E301FB4891700FC5921 /* Project object */;
}
